{
  "requires": true,
  "lockfileVersion": 1,
  "dependencies": {
    "react-ga": {
      "version": "3.0.0",
      "resolved": "https://registry.npmjs.org/react-ga/-/react-ga-3.0.0.tgz",
      "integrity": "sha512-IKqqCtSMe0IfSRNvbHAiwXwIXbuza4VvHvB/2N3hEiMFGSjv8fNI6obPH6bkDdIjDpwzbUqKs8895OxBckWJ2g=="
    }
  }
}
